Microsoft Visual Studio Solution File, Format Version 11.00
# Visual Studio 2008

Project("{ADDEFCA1-9981-AFFA-2FF5-60E5262683DE}") = "GoogleMaps", "Assembly-CSharp.csproj", "{F1AE3237-AE24-17FA-547A-848219631412}"
EndProject
Global
	GlobalSection(SolutionConfigurationPlatforms) = preSolution
		Debug|Any CPU = Debug|Any CPU
		Release|Any CPU = Release|Any CPU
	EndGlobalSection
	GlobalSection(ProjectConfigurationPlatforms) = postSolution
		{F1AE3237-AE24-17FA-547A-848219631412}.Debug|Any CPU.ActiveCfg = Debug|Any CPU
		{F1AE3237-AE24-17FA-547A-848219631412}.Debug|Any CPU.Build.0 = Debug|Any CPU
		{F1AE3237-AE24-17FA-547A-848219631412}.Release|Any CPU.ActiveCfg = Release|Any CPU
		{F1AE3237-AE24-17FA-547A-848219631412}.Release|Any CPU.Build.0 = Release|Any CPU
	EndGlobalSection
	GlobalSection(SolutionProperties) = preSolution
		HideSolutionNode = FALSE
	EndGlobalSection
	GlobalSection(MonoDevelopProperties) = preSolution
		StartupItem = Assembly-CSharp.csproj
	EndGlobalSection
EndGlobal
